{
  "name": "tictactoejs",
  "version": "0.0.1",
  "lockfileVersion": 2,
  "requires": true,
  "packages": {
    "": {
      "name": "tictactoejs",
      "version": "0.0.1",
      "license": "MIT",
      "dependencies": {
        "tresenraya": "^0.0.7"
      },
      "devDependencies": {
        "@types/node": "^18.6.3"
      }
    },
    "node_modules/@types/node": {
      "version": "18.6.3",
      "resolved": "https://registry.npmjs.org/@types/node/-/node-18.6.3.tgz",
      "integrity": "sha512-6qKpDtoaYLM+5+AFChLhHermMQxc3TOEFIDzrZLPRGHPrLEwqFkkT5Kx3ju05g6X7uDPazz3jHbKPX0KzCjntg==",
      "dev": true
    },
    "node_modules/ai-tic-tac-toe": {
      "version": "1.1.1",
      "resolved": "https://registry.npmjs.org/ai-tic-tac-toe/-/ai-tic-tac-toe-1.1.1.tgz",
      "integrity": "sha512-WfqxUOeCQBNV3lSaHxVh4CzpHltNfG2gwqspc7LRzap4v7uk0xrUoXAgOYnNewEckZw3qKwU5WyRLCujGymdPQ==",
      "dependencies": {
        "array-lib": "^0.2.0"
      }
    },
    "node_modules/array-lib": {
      "version": "0.2.0",
      "resolved": "https://registry.npmjs.org/array-lib/-/array-lib-0.2.0.tgz",
      "integrity": "sha512-E9z65xG3PPfN/DmJqpQeW844Sj9kn0pFCnHiq+tBcd3ikQMaj0D1Jm2gBKIGNMoznvc2Aw5i2Ft3CeBnWXKpHg=="
    },
    "node_modules/tresenraya": {
      "version": "0.0.7",
      "resolved": "https://registry.npmjs.org/tresenraya/-/tresenraya-0.0.7.tgz",
      "integrity": "sha512-HOfgIO+G3ZRkOb5wHJatfAXpc7TCLy86Ih3GRCl4G+xrHcMSccqeLas/J+QLF2RDbeJ2voMKvE5xXeVBBDi6ow==",
      "dependencies": {
        "ai-tic-tac-toe": "^1.1.1"
      }
    }
  },
  "dependencies": {
    "@types/node": {
      "version": "18.6.3",
      "resolved": "https://registry.npmjs.org/@types/node/-/node-18.6.3.tgz",
      "integrity": "sha512-6qKpDtoaYLM+5+AFChLhHermMQxc3TOEFIDzrZLPRGHPrLEwqFkkT5Kx3ju05g6X7uDPazz3jHbKPX0KzCjntg==",
      "dev": true
    },
    "ai-tic-tac-toe": {
      "version": "1.1.1",
      "resolved": "https://registry.npmjs.org/ai-tic-tac-toe/-/ai-tic-tac-toe-1.1.1.tgz",
      "integrity": "sha512-WfqxUOeCQBNV3lSaHxVh4CzpHltNfG2gwqspc7LRzap4v7uk0xrUoXAgOYnNewEckZw3qKwU5WyRLCujGymdPQ==",
      "requires": {
        "array-lib": "^0.2.0"
      }
    },
    "array-lib": {
      "version": "0.2.0",
      "resolved": "https://registry.npmjs.org/array-lib/-/array-lib-0.2.0.tgz",
      "integrity": "sha512-E9z65xG3PPfN/DmJqpQeW844Sj9kn0pFCnHiq+tBcd3ikQMaj0D1Jm2gBKIGNMoznvc2Aw5i2Ft3CeBnWXKpHg=="
    },
    "tresenraya": {
      "version": "0.0.7",
      "resolved": "https://registry.npmjs.org/tresenraya/-/tresenraya-0.0.7.tgz",
      "integrity": "sha512-HOfgIO+G3ZRkOb5wHJatfAXpc7TCLy86Ih3GRCl4G+xrHcMSccqeLas/J+QLF2RDbeJ2voMKvE5xXeVBBDi6ow==",
      "requires": {
        "ai-tic-tac-toe": "^1.1.1"
      }
    }
  }
}
